// !$*UTF8*$!
{
	archiveVersion = 1;
	classes = {
	};
	objectVersion = 46;
	objects = {

/* Begin PBXBuildFile section */
		2A5EDDDE1DCBDC1200F2C66E /* AppDelegate.swift in Sources */ = {isa = PBXBuildFile; fileRef = 2A5EDDDD1DCBDC1200F2C66E /* AppDelegate.swift */; };
		2A5EDDE01DCBDC1200F2C66E /* HomeController.swift in Sources */ = {isa = PBXBuildFile; fileRef = 2A5EDDDF1DCBDC1200F2C66E /* HomeController.swift */; };
		2A5EDDE51DCBDC1200F2C66E /* Assets.xcassets in Resources */ = {isa = PBXBuildFile; fileRef = 2A5EDDE41DCBDC1200F2C66E /* Assets.xcassets */; };
		2A5EDDE81DCBDC1200F2C66E /* LaunchScreen.storyboard in Resources */ = {isa = PBXBuildFile; fileRef = 2A5EDDE61DCBDC1200F2C66E /* LaunchScreen.storyboard */; };
		2A5EDDF31DCBDC1200F2C66E /* PrefeTests.swift in Sources */ = {isa = PBXBuildFile; fileRef = 2A5EDDF21DCBDC1200F2C66E /* PrefeTests.swift */; };
		2A5EDDFE1DCBDC1200F2C66E /* PrefeUITests.swift in Sources */ = {isa = PBXBuildFile; fileRef = 2A5EDDFD1DCBDC1200F2C66E /* PrefeUITests.swift */; };
		2A5EDE0E1DCBDC8400F2C66E /* Post.swift in Sources */ = {isa = PBXBuildFile; fileRef = 2A5EDE0D1DCBDC8400F2C66E /* Post.swift */; };
		2A5EDE101DCBDCFE00F2C66E /* LoginController.swift in Sources */ = {isa = PBXBuildFile; fileRef = 2A5EDE0F1DCBDCFE00F2C66E /* LoginController.swift */; };
		2A5EDE121DCBDD5600F2C66E /* TabBarController.swift in Sources */ = {isa = PBXBuildFile; fileRef = 2A5EDE111DCBDD5600F2C66E /* TabBarController.swift */; };
		2A5EDE141DCBDDB100F2C66E /* SearchController.swift in Sources */ = {isa = PBXBuildFile; fileRef = 2A5EDE131DCBDDB100F2C66E /* SearchController.swift */; };
		2A5EDE161DCBDDEA00F2C66E /* HookController.swift in Sources */ = {isa = PBXBuildFile; fileRef = 2A5EDE151DCBDDEA00F2C66E /* HookController.swift */; };
		2A5EDE181DCBDE1B00F2C66E /* NotificationController.swift in Sources */ = {isa = PBXBuildFile; fileRef = 2A5EDE171DCBDE1B00F2C66E /* NotificationController.swift */; };
		2A5EDE1A1DCBDE4E00F2C66E /* MyProfileController.swift in Sources */ = {isa = PBXBuildFile; fileRef = 2A5EDE191DCBDE4E00F2C66E /* MyProfileController.swift */; };
		2A5EDE1C1DCBDE7400F2C66E /* NewPostController.swift in Sources */ = {isa = PBXBuildFile; fileRef = 2A5EDE1B1DCBDE7400F2C66E /* NewPostController.swift */; };
		2A5EDE1E1DCBDE9500F2C66E /* MessageController.swift in Sources */ = {isa = PBXBuildFile; fileRef = 2A5EDE1D1DCBDE9500F2C66E /* MessageController.swift */; };
		2A5EDE201DCBDEAE00F2C66E /* NewMessageController.swift in Sources */ = {isa = PBXBuildFile; fileRef = 2A5EDE1F1DCBDEAE00F2C66E /* NewMessageController.swift */; };
		2A5EDE221DCC106A00F2C66E /* PostCell.swift in Sources */ = {isa = PBXBuildFile; fileRef = 2A5EDE211DCC106A00F2C66E /* PostCell.swift */; };
		2A5EDE241DCC10A600F2C66E /* MyProfileHeader.swift in Sources */ = {isa = PBXBuildFile; fileRef = 2A5EDE231DCC10A600F2C66E /* MyProfileHeader.swift */; };
		2AC00D8D1DCC1CCF006FEC10 /* User.swift in Sources */ = {isa = PBXBuildFile; fileRef = 2AC00D8C1DCC1CCF006FEC10 /* User.swift */; };
		2AC00D8F1DCC5881006FEC10 /* ProfileController.swift in Sources */ = {isa = PBXBuildFile; fileRef = 2AC00D8E1DCC5881006FEC10 /* ProfileController.swift */; };
		2AD1CC081DCDB35A00AA9774 /* MyPostCell.swift in Sources */ = {isa = PBXBuildFile; fileRef = 2AD1CC071DCDB35A00AA9774 /* MyPostCell.swift */; };
		2AD1CC0A1DCDD65600AA9774 /* ProfileHeader.swift in Sources */ = {isa = PBXBuildFile; fileRef = 2AD1CC091DCDD65600AA9774 /* ProfileHeader.swift */; };
		2AD1CC471DCFE0FD00AA9774 /* ListLayout.swift in Sources */ = {isa = PBXBuildFile; fileRef = 2AD1CC461DCFE0FD00AA9774 /* ListLayout.swift */; };
		2AD1CC491DCFE97A00AA9774 /* GridLayout.swift in Sources */ = {isa = PBXBuildFile; fileRef = 2AD1CC481DCFE97A00AA9774 /* GridLayout.swift */; };
/* End PBXBuildFile section */

/* Begin PBXContainerItemProxy section */
		2A5EDDEF1DCBDC1200F2C66E /* PBXContainerItemProxy */ = {
			isa = PBXContainerItemProxy;
			containerPortal = 2A5EDDD21DCBDC1200F2C66E /* Project object */;
			proxyType = 1;
			remoteGlobalIDString = 2A5EDDD91DCBDC1200F2C66E;
			remoteInfo = Prefe;
		};
		2A5EDDFA1DCBDC1200F2C66E /* PBXContainerItemProxy */ = {
			isa = PBXContainerItemProxy;
			containerPortal = 2A5EDDD21DCBDC1200F2C66E /* Project object */;
			proxyType = 1;
			remoteGlobalIDString = 2A5EDDD91DCBDC1200F2C66E;
			remoteInfo = Prefe;
		};
/* End PBXContainerItemProxy section */

/* Begin PBXFileReference section */
		2A5EDDDA1DCBDC1200F2C66E /* Prefe.app */ = {isa = PBXFileReference; explicitFileType = wrapper.application; includeInIndex = 0; path = Prefe.app; sourceTree = BUILT_PRODUCTS_DIR; };
		2A5EDDDD1DCBDC1200F2C66E /* AppDelegate.swift */ = {isa = PBXFileReference; lastKnownFileType = sourcecode.swift; path = AppDelegate.swift; sourceTree = "<group>"; };
		2A5EDDDF1DCBDC1200F2C66E /* HomeController.swift */ = {isa = PBXFileReference; lastKnownFileType = sourcecode.swift; path = HomeController.swift; sourceTree = "<group>"; };
		2A5EDDE41DCBDC1200F2C66E /* Assets.xcassets */ = {isa = PBXFileReference; lastKnownFileType = folder.assetcatalog; path = Assets.xcassets; sourceTree = "<group>"; };
		2A5EDDE71DCBDC1200F2C66E /* Base */ = {isa = PBXFileReference; lastKnownFileType = file.storyboard; name = Base; path = Base.lproj/LaunchScreen.storyboard; sourceTree = "<group>"; };
		2A5EDDE91DCBDC1200F2C66E /* Info.plist */ = {isa = PBXFileReference; lastKnownFileType = text.plist.xml; path = Info.plist; sourceTree = "<group>"; };
		2A5EDDEE1DCBDC1200F2C66E /* PrefeTests.xctest */ = {isa = PBXFileReference; explicitFileType = wrapper.cfbundle; includeInIndex = 0; path = PrefeTests.xctest; sourceTree = BUILT_PRODUCTS_DIR; };
		2A5EDDF21DCBDC1200F2C66E /* PrefeTests.swift */ = {isa = PBXFileReference; lastKnownFileType = sourcecode.swift; path = PrefeTests.swift; sourceTree = "<group>"; };
		2A5EDDF41DCBDC1200F2C66E /* Info.plist */ = {isa = PBXFileReference; lastKnownFileType = text.plist.xml; path = Info.plist; sourceTree = "<group>"; };
		2A5EDDF91DCBDC1200F2C66E /* PrefeUITests.xctest */ = {isa = PBXFileReference; explicitFileType = wrapper.cfbundle; includeInIndex = 0; path = PrefeUITests.xctest; sourceTree = BUILT_PRODUCTS_DIR; };
		2A5EDDFD1DCBDC1200F2C66E /* PrefeUITests.swift */ = {isa = PBXFileReference; lastKnownFileType = sourcecode.swift; path = PrefeUITests.swift; sourceTree = "<group>"; };
		2A5EDDFF1DCBDC1200F2C66E /* Info.plist */ = {isa = PBXFileReference; lastKnownFileType = text.plist.xml; path = Info.plist; sourceTree = "<group>"; };
		2A5EDE0D1DCBDC8400F2C66E /* Post.swift */ = {isa = PBXFileReference; fileEncoding = 4; lastKnownFileType = sourcecode.swift; path = Post.swift; sourceTree = "<group>"; };
		2A5EDE0F1DCBDCFE00F2C66E /* LoginController.swift */ = {isa = PBXFileReference; fileEncoding = 4; lastKnownFileType = sourcecode.swift; path = LoginController.swift; sourceTree = "<group>"; };
		2A5EDE111DCBDD5600F2C66E /* TabBarController.swift */ = {isa = PBXFileReference; fileEncoding = 4; lastKnownFileType = sourcecode.swift; path = TabBarController.swift; sourceTree = "<group>"; };
		2A5EDE131DCBDDB100F2C66E /* SearchController.swift */ = {isa = PBXFileReference; fileEncoding = 4; lastKnownFileType = sourcecode.swift; path = SearchController.swift; sourceTree = "<group>"; };
		2A5EDE151DCBDDEA00F2C66E /* HookController.swift */ = {isa = PBXFileReference; fileEncoding = 4; lastKnownFileType = sourcecode.swift; path = HookController.swift; sourceTree = "<group>"; };
		2A5EDE171DCBDE1B00F2C66E /* NotificationController.swift */ = {isa = PBXFileReference; fileEncoding = 4; lastKnownFileType = sourcecode.swift; path = NotificationController.swift; sourceTree = "<group>"; };
		2A5EDE191DCBDE4E00F2C66E /* MyProfileController.swift */ = {isa = PBXFileReference; fileEncoding = 4; lastKnownFileType = sourcecode.swift; path = MyProfileController.swift; sourceTree = "<group>"; };
		2A5EDE1B1DCBDE7400F2C66E /* NewPostController.swift */ = {isa = PBXFileReference; fileEncoding = 4; lastKnownFileType = sourcecode.swift; path = NewPostController.swift; sourceTree = "<group>"; };
		2A5EDE1D1DCBDE9500F2C66E /* MessageController.swift */ = {isa = PBXFileReference; fileEncoding = 4; lastKnownFileType = sourcecode.swift; path = MessageController.swift; sourceTree = "<group>"; };
		2A5EDE1F1DCBDEAE00F2C66E /* NewMessageController.swift */ = {isa = PBXFileReference; fileEncoding = 4; lastKnownFileType = sourcecode.swift; path = NewMessageController.swift; sourceTree = "<group>"; };
		2A5EDE211DCC106A00F2C66E /* PostCell.swift */ = {isa = PBXFileReference; fileEncoding = 4; lastKnownFileType = sourcecode.swift; path = PostCell.swift; sourceTree = "<group>"; };
		2A5EDE231DCC10A600F2C66E /* MyProfileHeader.swift */ = {isa = PBXFileReference; fileEncoding = 4; lastKnownFileType = sourcecode.swift; path = MyProfileHeader.swift; sourceTree = "<group>"; };
		2AC00D8C1DCC1CCF006FEC10 /* User.swift */ = {isa = PBXFileReference; fileEncoding = 4; lastKnownFileType = sourcecode.swift; path = User.swift; sourceTree = "<group>"; };
		2AC00D8E1DCC5881006FEC10 /* ProfileController.swift */ = {isa = PBXFileReference; fileEncoding = 4; lastKnownFileType = sourcecode.swift; path = ProfileController.swift; sourceTree = "<group>"; };
		2AD1CC071DCDB35A00AA9774 /* MyPostCell.swift */ = {isa = PBXFileReference; fileEncoding = 4; lastKnownFileType = sourcecode.swift; path = MyPostCell.swift; sourceTree = "<group>"; };
		2AD1CC091DCDD65600AA9774 /* ProfileHeader.swift */ = {isa = PBXFileReference; fileEncoding = 4; lastKnownFileType = sourcecode.swift; path = ProfileHeader.swift; sourceTree = "<group>"; };
		2AD1CC461DCFE0FD00AA9774 /* ListLayout.swift */ = {isa = PBXFileReference; fileEncoding = 4; lastKnownFileType = sourcecode.swift; path = ListLayout.swift; sourceTree = "<group>"; };
		2AD1CC481DCFE97A00AA9774 /* GridLayout.swift */ = {isa = PBXFileReference; fileEncoding = 4; lastKnownFileType = sourcecode.swift; path = GridLayout.swift; sourceTree = "<group>"; };
/* End PBXFileReference section */

/* Begin PBXFrameworksBuildPhase section */
		2A5EDDD71DCBDC1200F2C66E /* Frameworks */ = {
			isa = PBXFrameworksBuildPhase;
			buildActionMask = 2147483647;
			files = (
			);
			runOnlyForDeploymentPostprocessing = 0;
		};
		2A5EDDEB1DCBDC1200F2C66E /* Frameworks */ = {
			isa = PBXFrameworksBuildPhase;
			buildActionMask = 2147483647;
			files = (
			);
			runOnlyForDeploymentPostprocessing = 0;
		};
		2A5EDDF61DCBDC1200F2C66E /* Frameworks */ = {
			isa = PBXFrameworksBuildPhase;
			buildActionMask = 2147483647;
			files = (
			);
			runOnlyForDeploymentPostprocessing = 0;
		};
/* End PBXFrameworksBuildPhase section */

/* Begin PBXGroup section */
		2A5EDDD11DCBDC1200F2C66E = {
			isa = PBXGroup;
			children = (
				2A5EDDDC1DCBDC1200F2C66E /* Prefe */,
				2A5EDDF11DCBDC1200F2C66E /* PrefeTests */,
				2A5EDDFC1DCBDC1200F2C66E /* PrefeUITests */,
				2A5EDDDB1DCBDC1200F2C66E /* Products */,
			);
			sourceTree = "<group>";
		};
		2A5EDDDB1DCBDC1200F2C66E /* Products */ = {
			isa = PBXGroup;
			children = (
				2A5EDDDA1DCBDC1200F2C66E /* Prefe.app */,
				2A5EDDEE1DCBDC1200F2C66E /* PrefeTests.xctest */,
				2A5EDDF91DCBDC1200F2C66E /* PrefeUITests.xctest */,
			);
			name = Products;
			sourceTree = "<group>";
		};
		2A5EDDDC1DCBDC1200F2C66E /* Prefe */ = {
			isa = PBXGroup;
			children = (
				2AD1CC0B1DCDDF6000AA9774 /* Back Up */,
				2A5EDE0C1DCBDC2D00F2C66E /* Controller */,
				2A5EDE0B1DCBDC2900F2C66E /* Struct */,
				2A5EDDDD1DCBDC1200F2C66E /* AppDelegate.swift */,
				2A5EDDE41DCBDC1200F2C66E /* Assets.xcassets */,
				2A5EDDE61DCBDC1200F2C66E /* LaunchScreen.storyboard */,
				2A5EDDE91DCBDC1200F2C66E /* Info.plist */,
			);
			path = Prefe;
			sourceTree = "<group>";
		};
		2A5EDDF11DCBDC1200F2C66E /* PrefeTests */ = {
			isa = PBXGroup;
			children = (
				2A5EDDF21DCBDC1200F2C66E /* PrefeTests.swift */,
				2A5EDDF41DCBDC1200F2C66E /* Info.plist */,
			);
			path = PrefeTests;
			sourceTree = "<group>";
		};
		2A5EDDFC1DCBDC1200F2C66E /* PrefeUITests */ = {
			isa = PBXGroup;
			children = (
				2A5EDDFD1DCBDC1200F2C66E /* PrefeUITests.swift */,
				2A5EDDFF1DCBDC1200F2C66E /* Info.plist */,
			);
			path = PrefeUITests;
			sourceTree = "<group>";
		};
		2A5EDE0B1DCBDC2900F2C66E /* Struct */ = {
			isa = PBXGroup;
			children = (
				2A5EDE0D1DCBDC8400F2C66E /* Post.swift */,
				2AC00D8C1DCC1CCF006FEC10 /* User.swift */,
				2A5EDE211DCC106A00F2C66E /* PostCell.swift */,
				2AD1CC091DCDD65600AA9774 /* ProfileHeader.swift */,
				2AD1CC071DCDB35A00AA9774 /* MyPostCell.swift */,
				2AD1CC461DCFE0FD00AA9774 /* ListLayout.swift */,
				2AD1CC481DCFE97A00AA9774 /* GridLayout.swift */,
			);
			name = Struct;
			sourceTree = "<group>";
		};
		2A5EDE0C1DCBDC2D00F2C66E /* Controller */ = {
			isa = PBXGroup;
			children = (
				2A5EDE0F1DCBDCFE00F2C66E /* LoginController.swift */,
				2A5EDE111DCBDD5600F2C66E /* TabBarController.swift */,
				2A5EDDDF1DCBDC1200F2C66E /* HomeController.swift */,
				2A5EDE131DCBDDB100F2C66E /* SearchController.swift */,
				2A5EDE151DCBDDEA00F2C66E /* HookController.swift */,
				2A5EDE171DCBDE1B00F2C66E /* NotificationController.swift */,
				2AC00D8E1DCC5881006FEC10 /* ProfileController.swift */,
				2A5EDE1D1DCBDE9500F2C66E /* MessageController.swift */,
				2A5EDE1F1DCBDEAE00F2C66E /* NewMessageController.swift */,
				2A5EDE1B1DCBDE7400F2C66E /* NewPostController.swift */,
			);
			name = Controller;
			sourceTree = "<group>";
		};
		2AD1CC0B1DCDDF6000AA9774 /* Back Up */ = {
			isa = PBXGroup;
			children = (
				2A5EDE191DCBDE4E00F2C66E /* MyProfileController.swift */,
				2A5EDE231DCC10A600F2C66E /* MyProfileHeader.swift */,
			);
			name = "Back Up";
			sourceTree = "<group>";
		};
/* End PBXGroup section */

/* Begin PBXNativeTarget section */
		2A5EDDD91DCBDC1200F2C66E /* Prefe */ = {
			isa = PBXNativeTarget;
			buildConfigurationList = 2A5EDE021DCBDC1200F2C66E /* Build configuration list for PBXNativeTarget "Prefe" */;
			buildPhases = (
				2A5EDDD61DCBDC1200F2C66E /* Sources */,
				2A5EDDD71DCBDC1200F2C66E /* Frameworks */,
				2A5EDDD81DCBDC1200F2C66E /* Resources */,
			);
			buildRules = (
			);
			dependencies = (
			);
			name = Prefe;
			productName = Prefe;
			productReference = 2A5EDDDA1DCBDC1200F2C66E /* Prefe.app */;
			productType = "com.apple.product-type.application";
		};
		2A5EDDED1DCBDC1200F2C66E /* PrefeTests */ = {
			isa = PBXNativeTarget;
			buildConfigurationList = 2A5EDE051DCBDC1200F2C66E /* Build configuration list for PBXNativeTarget "PrefeTests" */;
			buildPhases = (
				2A5EDDEA1DCBDC1200F2C66E /* Sources */,
				2A5EDDEB1DCBDC1200F2C66E /* Frameworks */,
				2A5EDDEC1DCBDC1200F2C66E /* Resources */,
			);
			buildRules = (
			);
			dependencies = (
				2A5EDDF01DCBDC1200F2C66E /* PBXTargetDependency */,
			);
			name = PrefeTests;
			productName = PrefeTests;
			productReference = 2A5EDDEE1DCBDC1200F2C66E /* PrefeTests.xctest */;
			productType = "com.apple.product-type.bundle.unit-test";
		};
		2A5EDDF81DCBDC1200F2C66E /* PrefeUITests */ = {
			isa = PBXNativeTarget;
			buildConfigurationList = 2A5EDE081DCBDC1200F2C66E /* Build configuration list for PBXNativeTarget "PrefeUITests" */;
			buildPhases = (
				2A5EDDF51DCBDC1200F2C66E /* Sources */,
				2A5EDDF61DCBDC1200F2C66E /* Frameworks */,
				2A5EDDF71DCBDC1200F2C66E /* Resources */,
			);
			buildRules = (
			);
			dependencies = (
				2A5EDDFB1DCBDC1200F2C66E /* PBXTargetDependency */,
			);
			name = PrefeUITests;
			productName = PrefeUITests;
			productReference = 2A5EDDF91DCBDC1200F2C66E /* PrefeUITests.xctest */;
			productType = "com.apple.product-type.bundle.ui-testing";
		};
/* End PBXNativeTarget section */

/* Begin PBXProject section */
		2A5EDDD21DCBDC1200F2C66E /* Project object */ = {
			isa = PBXProject;
			attributes = {
				LastSwiftUpdateCheck = 0810;
				LastUpgradeCheck = 0810;
				ORGANIZATIONNAME = Prefe;
				TargetAttributes = {
					2A5EDDD91DCBDC1200F2C66E = {
						CreatedOnToolsVersion = 8.1;
						DevelopmentTeam = K876WUAR5X;
						ProvisioningStyle = Automatic;
					};
					2A5EDDED1DCBDC1200F2C66E = {
						CreatedOnToolsVersion = 8.1;
						DevelopmentTeam = K876WUAR5X;
						ProvisioningStyle = Automatic;
						TestTargetID = 2A5EDDD91DCBDC1200F2C66E;
					};
					2A5EDDF81DCBDC1200F2C66E = {
						CreatedOnToolsVersion = 8.1;
						DevelopmentTeam = K876WUAR5X;
						ProvisioningStyle = Automatic;
						TestTargetID = 2A5EDDD91DCBDC1200F2C66E;
					};
				};
			};
			buildConfigurationList = 2A5EDDD51DCBDC1200F2C66E /* Build configuration list for PBXProject "Prefe" */;
			compatibilityVersion = "Xcode 3.2";
			developmentRegion = English;
			hasScannedForEncodings = 0;
			knownRegions = (
				en,
				Base,
			);
			mainGroup = 2A5EDDD11DCBDC1200F2C66E;
			productRefGroup = 2A5EDDDB1DCBDC1200F2C66E /* Products */;
			projectDirPath = "";
			projectRoot = "";
			targets = (
				2A5EDDD91DCBDC1200F2C66E /* Prefe */,
				2A5EDDED1DCBDC1200F2C66E /* PrefeTests */,
				2A5EDDF81DCBDC1200F2C66E /* PrefeUITests */,
			);
		};
/* End PBXProject section */

/* Begin PBXResourcesBuildPhase section */
		2A5EDDD81DCBDC1200F2C66E /* Resources */ = {
			isa = PBXResourcesBuildPhase;
			buildActionMask = 2147483647;
			files = (
				2A5EDDE81DCBDC1200F2C66E /* LaunchScreen.storyboard in Resources */,
				2A5EDDE51DCBDC1200F2C66E /* Assets.xcassets in Resources */,
			);
			runOnlyForDeploymentPostprocessing = 0;
		};
		2A5EDDEC1DCBDC1200F2C66E /* Resources */ = {
			isa = PBXResourcesBuildPhase;
			buildActionMask = 2147483647;
			files = (
			);
			runOnlyForDeploymentPostprocessing = 0;
		};
		2A5EDDF71DCBDC1200F2C66E /* Resources */ = {
			isa = PBXResourcesBuildPhase;
			buildActionMask = 2147483647;
			files = (
			);
			runOnlyForDeploymentPostprocessing = 0;
		};
/* End PBXResourcesBuildPhase section */

/* Begin PBXSourcesBuildPhase section */
		2A5EDDD61DCBDC1200F2C66E /* Sources */ = {
			isa = PBXSourcesBuildPhase;
			buildActionMask = 2147483647;
			files = (
				2A5EDE1E1DCBDE9500F2C66E /* MessageController.swift in Sources */,
				2A5EDE0E1DCBDC8400F2C66E /* Post.swift in Sources */,
				2A5EDE221DCC106A00F2C66E /* PostCell.swift in Sources */,
				2A5EDE141DCBDDB100F2C66E /* SearchController.swift in Sources */,
				2A5EDE181DCBDE1B00F2C66E /* NotificationController.swift in Sources */,
				2A5EDE101DCBDCFE00F2C66E /* LoginController.swift in Sources */,
				2AD1CC471DCFE0FD00AA9774 /* ListLayout.swift in Sources */,
				2AD1CC491DCFE97A00AA9774 /* GridLayout.swift in Sources */,
				2A5EDE241DCC10A600F2C66E /* MyProfileHeader.swift in Sources */,
				2AC00D8F1DCC5881006FEC10 /* ProfileController.swift in Sources */,
				2AD1CC0A1DCDD65600AA9774 /* ProfileHeader.swift in Sources */,
				2A5EDDE01DCBDC1200F2C66E /* HomeController.swift in Sources */,
				2AC00D8D1DCC1CCF006FEC10 /* User.swift in Sources */,
				2A5EDE121DCBDD5600F2C66E /* TabBarController.swift in Sources */,
				2A5EDDDE1DCBDC1200F2C66E /* AppDelegate.swift in Sources */,
				2A5EDE201DCBDEAE00F2C66E /* NewMessageController.swift in Sources */,
				2A5EDE1A1DCBDE4E00F2C66E /* MyProfileController.swift in Sources */,
				2AD1CC081DCDB35A00AA9774 /* MyPostCell.swift in Sources */,
				2A5EDE1C1DCBDE7400F2C66E /* NewPostController.swift in Sources */,
				2A5EDE161DCBDDEA00F2C66E /* HookController.swift in Sources */,
			);
			runOnlyForDeploymentPostprocessing = 0;
		};
		2A5EDDEA1DCBDC1200F2C66E /* Sources */ = {
			isa = PBXSourcesBuildPhase;
			buildActionMask = 2147483647;
			files = (
				2A5EDDF31DCBDC1200F2C66E /* PrefeTests.swift in Sources */,
			);
			runOnlyForDeploymentPostprocessing = 0;
		};
		2A5EDDF51DCBDC1200F2C66E /* Sources */ = {
			isa = PBXSourcesBuildPhase;
			buildActionMask = 2147483647;
			files = (
				2A5EDDFE1DCBDC1200F2C66E /* PrefeUITests.swift in Sources */,
			);
			runOnlyForDeploymentPostprocessing = 0;
		};
/* End PBXSourcesBuildPhase section */

/* Begin PBXTargetDependency section */
		2A5EDDF01DCBDC1200F2C66E /* PBXTargetDependency */ = {
			isa = PBXTargetDependency;
			target = 2A5EDDD91DCBDC1200F2C66E /* Prefe */;
			targetProxy = 2A5EDDEF1DCBDC1200F2C66E /* PBXContainerItemProxy */;
		};
		2A5EDDFB1DCBDC1200F2C66E /* PBXTargetDependency */ = {
			isa = PBXTargetDependency;
			target = 2A5EDDD91DCBDC1200F2C66E /* Prefe */;
			targetProxy = 2A5EDDFA1DCBDC1200F2C66E /* PBXContainerItemProxy */;
		};
/* End PBXTargetDependency section */

/* Begin PBXVariantGroup section */
		2A5EDDE61DCBDC1200F2C66E /* LaunchScreen.storyboard */ = {
			isa = PBXVariantGroup;
			children = (
				2A5EDDE71DCBDC1200F2C66E /* Base */,
			);
			name = LaunchScreen.storyboard;
			sourceTree = "<group>";
		};
/* End PBXVariantGroup section */

/* Begin XCBuildConfiguration section */
		2A5EDE001DCBDC1200F2C66E /* Debug */ = {
			isa = XCBuildConfiguration;
			buildSettings = {
				ALWAYS_SEARCH_USER_PATHS = NO;
				CLANG_ANALYZER_NONNULL = YES;
				CLANG_CXX_LANGUAGE_STANDARD = "gnu++0x";
				CLANG_CXX_LIBRARY = "libc++";
				CLANG_ENABLE_MODULES = YES;
				CLANG_ENABLE_OBJC_ARC = YES;
				CLANG_WARN_BOOL_CONVERSION = YES;
				CLANG_WARN_CONSTANT_CONVERSION = YES;
				CLANG_WARN_DIRECT_OBJC_ISA_USAGE = YES_ERROR;
				CLANG_WARN_DOCUMENTATION_COMMENTS = YES;
				CLANG_WARN_EMPTY_BODY = YES;
				CLANG_WARN_ENUM_CONVERSION = YES;
				CLANG_WARN_INFINITE_RECURSION = YES;
				CLANG_WARN_INT_CONVERSION = YES;
				CLANG_WARN_OBJC_ROOT_CLASS = YES_ERROR;
				CLANG_WARN_SUSPICIOUS_MOVES = YES;
				CLANG_WARN_UNREACHABLE_CODE = YES;
				CLANG_WARN__DUPLICATE_METHOD_MATCH = YES;
				"CODE_SIGN_IDENTITY[sdk=iphoneos*]" = "iPhone Developer";
				COPY_PHASE_STRIP = NO;
				DEBUG_INFORMATION_FORMAT = dwarf;
				ENABLE_STRICT_OBJC_MSGSEND = YES;
				ENABLE_TESTABILITY = YES;
				GCC_C_LANGUAGE_STANDARD = gnu99;
				GCC_DYNAMIC_NO_PIC = NO;
				GCC_NO_COMMON_BLOCKS = YES;
				GCC_OPTIMIZATION_LEVEL = 0;
				GCC_PREPROCESSOR_DEFINITIONS = (
					"DEBUG=1",
					"$(inherited)",
				);
				GCC_WARN_64_TO_32_BIT_CONVERSION = YES;
				GCC_WARN_ABOUT_RETURN_TYPE = YES_ERROR;
				GCC_WARN_UNDECLARED_SELECTOR = YES;
				GCC_WARN_UNINITIALIZED_AUTOS = YES_AGGRESSIVE;
				GCC_WARN_UNUSED_FUNCTION = YES;
				GCC_WARN_UNUSED_VARIABLE = YES;
				IPHONEOS_DEPLOYMENT_TARGET = 10.1;
				MTL_ENABLE_DEBUG_INFO = YES;
				ONLY_ACTIVE_ARCH = YES;
				SDKROOT = iphoneos;
				SWIFT_ACTIVE_COMPILATION_CONDITIONS = DEBUG;
				SWIFT_OPTIMIZATION_LEVEL = "-Onone";
				TARGETED_DEVICE_FAMILY = "1,2";
			};
			name = Debug;
		};
		2A5EDE011DCBDC1200F2C66E /* Release */ = {
			isa = XCBuildConfiguration;
			buildSettings = {
				ALWAYS_SEARCH_USER_PATHS = NO;
				CLANG_ANALYZER_NONNULL = YES;
				CLANG_CXX_LANGUAGE_STANDARD = "gnu++0x";
				CLANG_CXX_LIBRARY = "libc++";
				CLANG_ENABLE_MODULES = YES;
				CLANG_ENABLE_OBJC_ARC = YES;
				CLANG_WARN_BOOL_CONVERSION = YES;
				CLANG_WARN_CONSTANT_CONVERSION = YES;
				CLANG_WARN_DIRECT_OBJC_ISA_USAGE = YES_ERROR;
				CLANG_WARN_DOCUMENTATION_COMMENTS = YES;
				CLANG_WARN_EMPTY_BODY = YES;
				CLANG_WARN_ENUM_CONVERSION = YES;
				CLANG_WARN_INFINITE_RECURSION = YES;
				CLANG_WARN_INT_CONVERSION = YES;
				CLANG_WARN_OBJC_ROOT_CLASS = YES_ERROR;
				CLANG_WARN_SUSPICIOUS_MOVES = YES;
				CLANG_WARN_UNREACHABLE_CODE = YES;
				CLANG_WARN__DUPLICATE_METHOD_MATCH = YES;
				"CODE_SIGN_IDENTITY[sdk=iphoneos*]" = "iPhone Developer";
				COPY_PHASE_STRIP = NO;
				DEBUG_INFORMATION_FORMAT = "dwarf-with-dsym";
				ENABLE_NS_ASSERTIONS = NO;
				ENABLE_STRICT_OBJC_MSGSEND = YES;
				GCC_C_LANGUAGE_STANDARD = gnu99;
				GCC_NO_COMMON_BLOCKS = YES;
				GCC_WARN_64_TO_32_BIT_CONVERSION = YES;
				GCC_WARN_ABOUT_RETURN_TYPE = YES_ERROR;
				GCC_WARN_UNDECLARED_SELECTOR = YES;
				GCC_WARN_UNINITIALIZED_AUTOS = YES_AGGRESSIVE;
				GCC_WARN_UNUSED_FUNCTION = YES;
				GCC_WARN_UNUSED_VARIABLE = YES;
				IPHONEOS_DEPLOYMENT_TARGET = 10.1;
				MTL_ENABLE_DEBUG_INFO = NO;
				SDKROOT = iphoneos;
				SWIFT_OPTIMIZATION_LEVEL = "-Owholemodule";
				TARGETED_DEVICE_FAMILY = "1,2";
				VALIDATE_PRODUCT = YES;
			};
			name = Release;
		};
		2A5EDE031DCBDC1200F2C66E /* Debug */ = {
			isa = XCBuildConfiguration;
			buildSettings = {
				ASSETCATALOG_COMPILER_APPICON_NAME = AppIcon;
				DEVELOPMENT_TEAM = K876WUAR5X;
				INFOPLIST_FILE = Prefe/Info.plist;
				LD_RUNPATH_SEARCH_PATHS = "$(inherited) @executable_path/Frameworks";
				PRODUCT_BUNDLE_IDENTIFIER = Prefe.Prefe;
				PRODUCT_NAME = "$(TARGET_NAME)";
				SWIFT_VERSION = 3.0;
			};
			name = Debug;
		};
		2A5EDE041DCBDC1200F2C66E /* Release */ = {
			isa = XCBuildConfiguration;
			buildSettings = {
				ASSETCATALOG_COMPILER_APPICON_NAME = AppIcon;
				DEVELOPMENT_TEAM = K876WUAR5X;
				INFOPLIST_FILE = Prefe/Info.plist;
				LD_RUNPATH_SEARCH_PATHS = "$(inherited) @executable_path/Frameworks";
				PRODUCT_BUNDLE_IDENTIFIER = Prefe.Prefe;
				PRODUCT_NAME = "$(TARGET_NAME)";
				SWIFT_VERSION = 3.0;
			};
			name = Release;
		};
		2A5EDE061DCBDC1200F2C66E /* Debug */ = {
			isa = XCBuildConfiguration;
			buildSettings = {
				ALWAYS_EMBED_SWIFT_STANDARD_LIBRARIES = YES;
				BUNDLE_LOADER = "$(TEST_HOST)";
				DEVELOPMENT_TEAM = K876WUAR5X;
				INFOPLIST_FILE = PrefeTests/Info.plist;
				LD_RUNPATH_SEARCH_PATHS = "$(inherited) @executable_path/Frameworks @loader_path/Frameworks";
				PRODUCT_BUNDLE_IDENTIFIER = Prefe.PrefeTests;
				PRODUCT_NAME = "$(TARGET_NAME)";
				SWIFT_VERSION = 3.0;
				TEST_HOST = "$(BUILT_PRODUCTS_DIR)/Prefe.app/Prefe";
			};
			name = Debug;
		};
		2A5EDE071DCBDC1200F2C66E /* Release */ = {
			isa = XCBuildConfiguration;
			buildSettings = {
				ALWAYS_EMBED_SWIFT_STANDARD_LIBRARIES = YES;
				BUNDLE_LOADER = "$(TEST_HOST)";
				DEVELOPMENT_TEAM = K876WUAR5X;
				INFOPLIST_FILE = PrefeTests/Info.plist;
				LD_RUNPATH_SEARCH_PATHS = "$(inherited) @executable_path/Frameworks @loader_path/Frameworks";
				PRODUCT_BUNDLE_IDENTIFIER = Prefe.PrefeTests;
				PRODUCT_NAME = "$(TARGET_NAME)";
				SWIFT_VERSION = 3.0;
				TEST_HOST = "$(BUILT_PRODUCTS_DIR)/Prefe.app/Prefe";
			};
			name = Release;
		};
		2A5EDE091DCBDC1200F2C66E /* Debug */ = {
			isa = XCBuildConfiguration;
			buildSettings = {
				ALWAYS_EMBED_SWIFT_STANDARD_LIBRARIES = YES;
				DEVELOPMENT_TEAM = K876WUAR5X;
				INFOPLIST_FILE = PrefeUITests/Info.plist;
				LD_RUNPATH_SEARCH_PATHS = "$(inherited) @executable_path/Frameworks @loader_path/Frameworks";
				PRODUCT_BUNDLE_IDENTIFIER = Prefe.PrefeUITests;
				PRODUCT_NAME = "$(TARGET_NAME)";
				SWIFT_VERSION = 3.0;
				TEST_TARGET_NAME = Prefe;
			};
			name = Debug;
		};
		2A5EDE0A1DCBDC1200F2C66E /* Release */ = {
			isa = XCBuildConfiguration;
			buildSettings = {
				ALWAYS_EMBED_SWIFT_STANDARD_LIBRARIES = YES;
				DEVELOPMENT_TEAM = K876WUAR5X;
				INFOPLIST_FILE = PrefeUITests/Info.plist;
				LD_RUNPATH_SEARCH_PATHS = "$(inherited) @executable_path/Frameworks @loader_path/Frameworks";
				PRODUCT_BUNDLE_IDENTIFIER = Prefe.PrefeUITests;
				PRODUCT_NAME = "$(TARGET_NAME)";
				SWIFT_VERSION = 3.0;
				TEST_TARGET_NAME = Prefe;
			};
			name = Release;
		};
/* End XCBuildConfiguration section */

/* Begin XCConfigurationList section */
		2A5EDDD51DCBDC1200F2C66E /* Build configuration list for PBXProject "Prefe" */ = {
			isa = XCConfigurationList;
			buildConfigurations = (
				2A5EDE001DCBDC1200F2C66E /* Debug */,
				2A5EDE011DCBDC1200F2C66E /* Release */,
			);
			defaultConfigurationIsVisible = 0;
			defaultConfigurationName = Release;
		};
		2A5EDE021DCBDC1200F2C66E /* Build configuration list for PBXNativeTarget "Prefe" */ = {
			isa = XCConfigurationList;
			buildConfigurations = (
				2A5EDE031DCBDC1200F2C66E /* Debug */,
				2A5EDE041DCBDC1200F2C66E /* Release */,
			);
			defaultConfigurationIsVisible = 0;
			defaultConfigurationName = Release;
		};
		2A5EDE051DCBDC1200F2C66E /* Build configuration list for PBXNativeTarget "PrefeTests" */ = {
			isa = XCConfigurationList;
			buildConfigurations = (
				2A5EDE061DCBDC1200F2C66E /* Debug */,
				2A5EDE071DCBDC1200F2C66E /* Release */,
			);
			defaultConfigurationIsVisible = 0;
			defaultConfigurationName = Release;
		};
		2A5EDE081DCBDC1200F2C66E /* Build configuration list for PBXNativeTarget "PrefeUITests" */ = {
			isa = XCConfigurationList;
			buildConfigurations = (
				2A5EDE091DCBDC1200F2C66E /* Debug */,
				2A5EDE0A1DCBDC1200F2C66E /* Release */,
			);
			defaultConfigurationIsVisible = 0;
			defaultConfigurationName = Release;
		};
/* End XCConfigurationList section */
	};
	rootObject = 2A5EDDD21DCBDC1200F2C66E /* Project object */;
}
